#MicroXplorer Configuration settings - do not modify
BSP_IP_NAME=NUCLEO-WL55JC1
CAD.formats=
CAD.pinconfig=
CAD.provider=
File.Version=6
GPIO.groupedBy=Group By Peripherals
I2C2.IPParameters=Timing
I2C2.Timing=0x00100D14
KeepUserPlacement=false
Mcu.CPN=STM32WL55JCI6
Mcu.ContextProject=MonoOnDualCore
Mcu.Family=STM32WL
Mcu.IP0=I2C2
Mcu.IP1=NUCLEO-WL55JC1
Mcu.IP2=NVIC
Mcu.IP3=RCC
Mcu.IP4=SYS
Mcu.IP5=TIM16
Mcu.IPNb=7
Mcu.Name=STM32WL55JCIx
Mcu.Package=UFBGA73
Mcu.Pin0=PA12
Mcu.Pin1=PB15
Mcu.Pin10=PA0
Mcu.Pin11=PC5
Mcu.Pin12=PB12
Mcu.Pin13=PC1
Mcu.Pin14=PC4
Mcu.Pin15=PC6
Mcu.Pin16=PA1
Mcu.Pin17=PB11
Mcu.Pin18=PA3
Mcu.Pin19=PA2
Mcu.Pin2=PC14-OSC32_IN
Mcu.Pin20=PB10
Mcu.Pin21=VP_SYS_VS_Systick
Mcu.Pin22=VP_TIM16_VS_ClockSourceINT
Mcu.Pin23=VP_STMicroelectronics.X-CUBE-MEMS1_VS_BoardOoPartJjAcc_1.7.0_12.1.0
Mcu.Pin24=VP_NUCLEO-WL55JC1_VS_BSP_COMMON
Mcu.Pin3=PA11
Mcu.Pin4=PB3
Mcu.Pin5=PB9
Mcu.Pin6=PC15-OSC32_OUT
Mcu.Pin7=PB5
Mcu.Pin8=PB8
Mcu.Pin9=PC3
Mcu.PinsNb=25
Mcu.ThirdParty0=STMicroelectronics.X-CUBE-MEMS1.12.1.0
Mcu.ThirdPartyNb=1
Mcu.UserConstants=
Mcu.UserName=STM32WL55JCIx
MxCube.Version=6.16.1
MxDb.Version=DB.6.0.161
NUCLEO-WL55JC1.BUTTON=0
NUCLEO-WL55JC1.BUTTON2=1
NUCLEO-WL55JC1.BUTTON3=1
NUCLEO-WL55JC1.IPParameters=LD1,LD3,BUTTON3,LD2,BUTTON2,VCP,BUTTON
NUCLEO-WL55JC1.LD1=true
NUCLEO-WL55JC1.LD2=true
NUCLEO-WL55JC1.LD3=true
NUCLEO-WL55JC1.VCP=true
NVIC.BusFault_IRQn=true\:0\:0\:false\:false\:true\:false\:false\:false
NVIC.DebugMonitor_IRQn=true\:0\:0\:false\:false\:true\:false\:false\:false
NVIC.EXTI0_IRQn=true\:0\:0\:false\:false\:true\:true\:true\:true
NVIC.EXTI1_IRQn=true\:0\:0\:false\:false\:true\:false\:true\:true
NVIC.EXTI9_5_IRQn=true\:0\:0\:false\:false\:true\:false\:true\:true
NVIC.ForceEnableDMAVector=true
NVIC.HardFault_IRQn=true\:0\:0\:false\:false\:true\:false\:false\:false
NVIC.MemoryManagement_IRQn=true\:0\:0\:false\:false\:true\:false\:false\:false
NVIC.NonMaskableInt_IRQn=true\:0\:0\:false\:false\:true\:false\:false\:false
NVIC.PendSV_IRQn=true\:0\:0\:false\:false\:true\:false\:false\:false
NVIC.PriorityGroup=NVIC_PRIORITYGROUP_4
NVIC.SVCall_IRQn=true\:0\:0\:false\:false\:true\:false\:false\:false
NVIC.SysTick_IRQn=true\:0\:0\:false\:false\:true\:false\:true\:false
NVIC.TIM16_IRQn=true\:0\:0\:false\:false\:true\:true\:true\:true
NVIC.UsageFault_IRQn=true\:0\:0\:false\:false\:true\:false\:false\:false
PA0.GPIOParameters=GPIO_PuPd,GPIO_Label,GPIO_ModeDefaultEXTI
PA0.GPIO_Label=B1
PA0.GPIO_ModeDefaultEXTI=GPIO_MODE_IT_RISING_FALLING
PA0.GPIO_PuPd=GPIO_PULLUP
PA0.Locked=true
PA0.Signal=GPXTI0
PA1.Locked=true
PA11.Locked=true
PA11.Mode=I2C
PA11.Signal=I2C2_SDA
PA12.Mode=I2C
PA12.Signal=I2C2_SCL
PA2.Locked=true
PA2.Signal=USART2_TX
PA3.Locked=true
PA3.Signal=USART2_RX
PB10.Locked=true
PB10.Signal=GPIO_Output
PB11.Locked=true
PB12.Locked=true
PB12.Signal=GPIO_Output
PB15.Locked=true
PB3.Locked=true
PB3.Signal=GPIO_Output
PB5.Locked=true
PB5.Signal=GPIO_Output
PB8.Locked=true
PB8.Signal=GPIO_Output
PB9.Locked=true
PC1.Locked=true
PC1.Signal=GPIO_Output
PC14-OSC32_IN.GPIOParameters=GPIO_Label
PC14-OSC32_IN.GPIO_Label=RCC_OSC32_IN
PC14-OSC32_IN.Locked=true
PC14-OSC32_IN.Signal=RCC_OSC32_IN
PC15-OSC32_OUT.GPIOParameters=GPIO_Label
PC15-OSC32_OUT.GPIO_Label=RCC_OSC32_OUT
PC15-OSC32_OUT.Locked=true
PC15-OSC32_OUT.Signal=RCC_OSC32_OUT
PC3.GPIOParameters=GPIO_Speed,GPIO_Label
PC3.GPIO_Label=FE_CTRL3
PC3.GPIO_Speed=GPIO_SPEED_FREQ_VERY_HIGH
PC3.Locked=true
PC3.Signal=GPIO_Output
PC4.GPIOParameters=GPIO_Speed,GPIO_Label
PC4.GPIO_Label=FE_CTRL1
PC4.GPIO_Speed=GPIO_SPEED_FREQ_VERY_HIGH
PC4.Locked=true
PC4.Signal=GPIO_Output
PC5.GPIOParameters=GPIO_Speed,GPIO_Label
PC5.GPIO_Label=FE_CTRL2
PC5.GPIO_Speed=GPIO_SPEED_FREQ_VERY_HIGH
PC5.Locked=true
PC5.Signal=GPIO_Output
PC6.Locked=true
PCC.SUBGHZ.FrequencyBand=High
PCC.SUBGHZ.Modulation=FSK
PCC.SUBGHZ.OptionalSettings=false
PCC.SUBGHZ.Output.Power=14
PCC.SUBGHZ.PowerAmplifier=Low Power
PCC.SUBGHZ.RxBoosted=false
PCC.SUBGHZ.SMPS=Off
PinOutPanel.CurrentBGAView=Top
PinOutPanel.RotationAngle=0
ProjectManager.AskForMigrate=true
ProjectManager.BackupPrevious=false
ProjectManager.CompilerLinker=GCC
ProjectManager.CompilerOptimize=6
ProjectManager.ComputerToolchain=false
ProjectManager.CoupleFile=false
ProjectManager.CustomerFirmwarePackage=
ProjectManager.DefaultFWLocation=true
ProjectManager.DeletePrevious=true
ProjectManager.DeviceId=STM32WL55JCIx
ProjectManager.FirmwarePackage=STM32Cube FW_WL V1.4.0
ProjectManager.FreePins=false
ProjectManager.FreePinsContext=
ProjectManager.HalAssertFull=false
ProjectManager.HeapSize=0x200
ProjectManager.KeepUserCode=true
ProjectManager.LastFirmware=true
ProjectManager.LibraryCopy=1
ProjectManager.MainLocation=Core/Src
ProjectManager.NoMain=false
ProjectManager.PreviousToolchain=STM32CubeIDE
ProjectManager.ProjectBuild=false
ProjectManager.ProjectFileName=EGOERAK_BOTOIAK.ioc
ProjectManager.ProjectName=EGOERAK_BOTOIAK
ProjectManager.ProjectStructure=
ProjectManager.RegisterCallBack=
ProjectManager.StackSize=0x400
ProjectManager.TargetToolchain=STM32CubeIDE
ProjectManager.ToolChainLocation=
ProjectManager.UAScriptAfterPath=
ProjectManager.UAScriptBeforePath=
ProjectManager.UnderRoot=true
ProjectManager.functionlistsort=1-SystemClock_Config-RCC-false-HAL-false,2-MX_GPIO_Init-GPIO-false-HAL-true,3-MX_TIM16_Init-TIM16-false-HAL-true,false-0--NUCLEO-WL55JC1-true-HAL-true
RCC.FamilyName=M
RCC.HCLK2Freq_Value=4000000
RCC.HSE_VALUE=32000000
RCC.HSI_VALUE=16000000
RCC.I2S2Freq_Value=16000000
RCC.IPParameters=FamilyName,HCLK2Freq_Value,HSE_VALUE,HSI_VALUE,I2S2Freq_Value,LSCOPinFreq_Value,LSE_VALUE,PLLPoutputFreq_Value,PLLQoutputFreq_Value,PLLRCLKFreq_Value,RNGFreq_Value,VCOInputFreq_Value,VCOOutputFreq_Value
RCC.LSCOPinFreq_Value=32000
RCC.LSE_VALUE=32768
RCC.PLLPoutputFreq_Value=16000000
RCC.PLLQoutputFreq_Value=16000000
RCC.PLLRCLKFreq_Value=16000000
RCC.RNGFreq_Value=32000
RCC.VCOInputFreq_Value=4000000
RCC.VCOOutputFreq_Value=32000000
SH.GPXTI0.0=GPIO_EXTI0
SH.GPXTI0.ConfNb=1
STMicroelectronics.X-CUBE-MEMS1.12.1.0.BSP.number=1
STMicroelectronics.X-CUBE-MEMS1.12.1.0.BoardOoPartJjAccJjLIS2DW12=I2C
STMicroelectronics.X-CUBE-MEMS1.12.1.0.BoardOoPartJjAcc_Checked=true
STMicroelectronics.X-CUBE-MEMS1.12.1.0.IPParameters=BoardOoPartJjAccJjLIS2DW12
STMicroelectronics.X-CUBE-MEMS1.12.1.00.BSP.STBoard=false
STMicroelectronics.X-CUBE-MEMS1.12.1.00.BSP.api=BSP_BUS_DRIVER
STMicroelectronics.X-CUBE-MEMS1.12.1.00.BSP.component=
STMicroelectronics.X-CUBE-MEMS1.12.1.00.BSP.condition=SEMBoardOoPartJjAccJjLIS2DW12JjI2C
STMicroelectronics.X-CUBE-MEMS1.12.1.00.BSP.instance=I2C2
STMicroelectronics.X-CUBE-MEMS1.12.1.00.BSP.ip=I2C
STMicroelectronics.X-CUBE-MEMS1.12.1.00.BSP.mode=I2C
STMicroelectronics.X-CUBE-MEMS1.12.1.00.BSP.name=LIS2DW12 BUS IO driver
STMicroelectronics.X-CUBE-MEMS1.12.1.00.BSP.semaphore=
STMicroelectronics.X-CUBE-MEMS1.12.1.00.BSP.solution=I2C2
STMicroelectronics.X-CUBE-MEMS1.12.1.0_SwParameter=BoardOoPartJjAccJjLIS2DW12\:I2C;
TIM16.IPParameters=Prescaler,Period
TIM16.Period=1999
TIM16.Prescaler=479
VP_NUCLEO-WL55JC1_VS_BSP_COMMON.Mode=COMMON
VP_NUCLEO-WL55JC1_VS_BSP_COMMON.Signal=NUCLEO-WL55JC1_VS_BSP_COMMON
VP_STMicroelectronics.X-CUBE-MEMS1_VS_BoardOoPartJjAcc_1.7.0_12.1.0.Mode=BoardOoPartJjAcc
VP_STMicroelectronics.X-CUBE-MEMS1_VS_BoardOoPartJjAcc_1.7.0_12.1.0.Signal=STMicroelectronics.X-CUBE-MEMS1_VS_BoardOoPartJjAcc_1.7.0_12.1.0
VP_SYS_VS_Systick.Mode=SysTick
VP_SYS_VS_Systick.Signal=SYS_VS_Systick
VP_TIM16_VS_ClockSourceINT.Mode=Enable_Timer
VP_TIM16_VS_ClockSourceINT.Signal=TIM16_VS_ClockSourceINT
board=NUCLEO-WL55JC1
boardIOC=true
